{
  "requires": true,
  "lockfileVersion": 1,
  "dependencies": {
    "dayjs": {
      "version": "1.8.33",
      "resolved": "https://registry.npm.taobao.org/dayjs/download/dayjs-1.8.33.tgz?cache=0&sync_timestamp=1597033889942&other_urls=https%3A%2F%2Fregistry.npm.taobao.org%2Fdayjs%2Fdownload%2Fdayjs-1.8.33.tgz",
      "integrity": "sha1-GLxKK2wcb01ntMTyU2wLl+W3Zvc="
    }
  }
}
